
Microsoft Visual Studio Solution File, Format Version 12.00
# Visual Studio Version 16
VisualStudioVersion = 16.0.30523.141
MinimumVisualStudioVersion = 10.0.40219.1
Project("{FAE04EC0-301F-11D3-BF4B-00C04F79EFBC}") = "Management-Project", "Management-Project.csproj", "{F6CF3C09-D6E8-4E09-99BD-DC9B7439D042}"
EndProject
Global
	GlobalSection(SolutionConfigurationPlatforms) = preSolution
		Debug|Any CPU = Debug|Any CPU
		Release|Any CPU = Release|Any CPU
	EndGlobalSection
	GlobalSection(ProjectConfigurationPlatforms) = postSolution
		{F6CF3C09-D6E8-4E09-99BD-DC9B7439D042}.Debug|Any CPU.ActiveCfg = Debug|Any CPU
		{F6CF3C09-D6E8-4E09-99BD-DC9B7439D042}.Debug|Any CPU.Build.0 = Debug|Any CPU
		{F6CF3C09-D6E8-4E09-99BD-DC9B7439D042}.Release|Any CPU.ActiveCfg = Release|Any CPU
		{F6CF3C09-D6E8-4E09-99BD-DC9B7439D042}.Release|Any CPU.Build.0 = Release|Any CPU
	EndGlobalSection
	GlobalSection(SolutionProperties) = preSolution
		HideSolutionNode = FALSE
	EndGlobalSection
	GlobalSection(ExtensibilityGlobals) = postSolution
		SolutionGuid = {CCE76EBA-6239-4DD0-BC80-FC97E7A7E819}
	EndGlobalSection
EndGlobal
